// !$*UTF8*$!
{
	archiveVersion = 1;
	classes = {
	};
	objectVersion = 46;
	objects = {

/* Begin PBXBuildFile section */
		9324A6F31D975FDC00ECF083 /* catch.png in Resources */ = {isa = PBXBuildFile; fileRef = 9324A6F21D975FDC00ECF083 /* catch.png */; };
		9324A6F61D9761C900ECF083 /* loudgun.mp3 in Resources */ = {isa = PBXBuildFile; fileRef = 9324A6F51D9761C900ECF083 /* loudgun.mp3 */; };
		93F567801D91231C008064B8 /* badge.png in Resources */ = {isa = PBXBuildFile; fileRef = 93F567781D91231C008064B8 /* badge.png */; };
		93F567811D91231C008064B8 /* blackscreen.bmp in Resources */ = {isa = PBXBuildFile; fileRef = 93F567791D91231C008064B8 /* blackscreen.bmp */; };
		93F567821D91231C008064B8 /* cs1cropped.jpg in Resources */ = {isa = PBXBuildFile; fileRef = 93F5677A1D91231C008064B8 /* cs1cropped.jpg */; };
		93F567831D91231C008064B8 /* logot.png in Resources */ = {isa = PBXBuildFile; fileRef = 93F5677B1D91231C008064B8 /* logot.png */; };
		93F567841D91231C008064B8 /* options.png in Resources */ = {isa = PBXBuildFile; fileRef = 93F5677C1D91231C008064B8 /* options.png */; };
		93F567851D91231C008064B8 /* play button.png in Resources */ = {isa = PBXBuildFile; fileRef = 93F5677D1D91231C008064B8 /* play button.png */; };
		93F567871D91231C008064B8 /* userguide.png in Resources */ = {isa = PBXBuildFile; fileRef = 93F5677F1D91231C008064B8 /* userguide.png */; };
		93F567891D912355008064B8 /* Splash.swift in Sources */ = {isa = PBXBuildFile; fileRef = 93F567881D912355008064B8 /* Splash.swift */; };
		93F5678B1D91235E008064B8 /* load.swift in Sources */ = {isa = PBXBuildFile; fileRef = 93F5678A1D91235E008064B8 /* load.swift */; };
		A5679D441D9622B7000E3DDE /* Screen Shot 2016-09-23 at 9.55.10 PM.png in Resources */ = {isa = PBXBuildFile; fileRef = A5679D431D9622B7000E3DDE /* Screen Shot 2016-09-23 at 9.55.10 PM.png */; };
		A5679D461D9623F9000E3DDE /* bottomScreen.png in Resources */ = {isa = PBXBuildFile; fileRef = A5679D451D9623F9000E3DDE /* bottomScreen.png */; };
		A57F18311D94929500B941D4 /* cs3.jpg in Resources */ = {isa = PBXBuildFile; fileRef = A57F18301D94929500B941D4 /* cs3.jpg */; };
		A57F18331D9493A700B941D4 /* Screen Shot 2016-09-22 at 5.32.44 PM.png in Resources */ = {isa = PBXBuildFile; fileRef = A57F18321D9493A700B941D4 /* Screen Shot 2016-09-22 at 5.32.44 PM.png */; };
		A57F18351D94B06000B941D4 /* CrimeScene.png in Resources */ = {isa = PBXBuildFile; fileRef = A57F18341D94B06000B941D4 /* CrimeScene.png */; };
		A57F183B1D94B28200B941D4 /* Screen Shot 2016-09-22 at 7.42.41 PM.png in Resources */ = {isa = PBXBuildFile; fileRef = A57F183A1D94B28200B941D4 /* Screen Shot 2016-09-22 at 7.42.41 PM.png */; };
		A5BBD1461D9433DC0069301A /* splash screen pic.png in Resources */ = {isa = PBXBuildFile; fileRef = A5BBD1451D9433DC0069301A /* splash screen pic.png */; };
		A5BBD1481D9439870069301A /* Screen Shot 2016-09-22 at 11.08.14 AM.png in Resources */ = {isa = PBXBuildFile; fileRef = A5BBD1471D9439870069301A /* Screen Shot 2016-09-22 at 11.08.14 AM.png */; };
		BD736AC51D9731A6001E7733 /* 817_NYS-impala.png in Resources */ = {isa = PBXBuildFile; fileRef = BD736AC41D9731A6001E7733 /* 817_NYS-impala.png */; };
		BD736AC71D97322A001E7733 /* 752_ricks_police_car.png in Resources */ = {isa = PBXBuildFile; fileRef = BD736AC61D97322A001E7733 /* 752_ricks_police_car.png */; };
		BD79DE521D9440D200C49BD4 /* make-it-chalk-line.png in Resources */ = {isa = PBXBuildFile; fileRef = BD79DE511D9440D200C49BD4 /* make-it-chalk-line.png */; };
		BD79DE561D94440A00C49BD4 /* vertical-make-it-chalk.png in Resources */ = {isa = PBXBuildFile; fileRef = BD79DE551D94440A00C49BD4 /* vertical-make-it-chalk.png */; };
		BD79DE581D9444AE00C49BD4 /* asphalt.jpg in Resources */ = {isa = PBXBuildFile; fileRef = BD79DE571D9444AE00C49BD4 /* asphalt.jpg */; };
		BD79DE5C1D944F0500C49BD4 /* mag50x50.png in Resources */ = {isa = PBXBuildFile; fileRef = BD79DE5B1D944F0500C49BD4 /* mag50x50.png */; };
		BD97422D1D8B045C00830F1E /* LevelOneViewController.swift in Sources */ = {isa = PBXBuildFile; fileRef = BD97422C1D8B045C00830F1E /* LevelOneViewController.swift */; };
		BD99DAB31D8DFA670092C679 /* LevelTwoViewController.swift in Sources */ = {isa = PBXBuildFile; fileRef = BD99DAB21D8DFA670092C679 /* LevelTwoViewController.swift */; };
		BD99DAB51D8DFC620092C679 /* LevelThreeViewController.swift in Sources */ = {isa = PBXBuildFile; fileRef = BD99DAB41D8DFC620092C679 /* LevelThreeViewController.swift */; };
		BD99DAB71D8DFCB50092C679 /* EndingViewController.swift in Sources */ = {isa = PBXBuildFile; fileRef = BD99DAB61D8DFCB50092C679 /* EndingViewController.swift */; };
		BDE536651D89B78C00514723 /* green_panel.png in Resources */ = {isa = PBXBuildFile; fileRef = BDE536641D89B78C00514723 /* green_panel.png */; };
		BDED7C921D919A9E00DBCFEE /* LoadViewController.swift in Sources */ = {isa = PBXBuildFile; fileRef = BDED7C911D919A9E00DBCFEE /* LoadViewController.swift */; };
		BDF9BB8E1D81D19A00403F55 /* AppDelegate.swift in Sources */ = {isa = PBXBuildFile; fileRef = BDF9BB8D1D81D19A00403F55 /* AppDelegate.swift */; };
		BDF9BB901D81D19A00403F55 /* ViewController.swift in Sources */ = {isa = PBXBuildFile; fileRef = BDF9BB8F1D81D19A00403F55 /* ViewController.swift */; };
		BDF9BB931D81D19A00403F55 /* Main.storyboard in Resources */ = {isa = PBXBuildFile; fileRef = BDF9BB911D81D19A00403F55 /* Main.storyboard */; };
		BDF9BB951D81D19A00403F55 /* Assets.xcassets in Resources */ = {isa = PBXBuildFile; fileRef = BDF9BB941D81D19A00403F55 /* Assets.xcassets */; };
		BDF9BB981D81D19A00403F55 /* LaunchScreen.storyboard in Resources */ = {isa = PBXBuildFile; fileRef = BDF9BB961D81D19A00403F55 /* LaunchScreen.storyboard */; };
		BDF9BBA31D81D19A00403F55 /* T1_RedTests.swift in Sources */ = {isa = PBXBuildFile; fileRef = BDF9BBA21D81D19A00403F55 /* T1_RedTests.swift */; };
		BDF9BBAE1D81D19A00403F55 /* T1_RedUITests.swift in Sources */ = {isa = PBXBuildFile; fileRef = BDF9BBAD1D81D19A00403F55 /* T1_RedUITests.swift */; };
/* End PBXBuildFile section */

/* Begin PBXContainerItemProxy section */
		BDF9BB9F1D81D19A00403F55 /* PBXContainerItemProxy */ = {
			isa = PBXContainerItemProxy;
			containerPortal = BDF9BB821D81D19A00403F55 /* Project object */;
			proxyType = 1;
			remoteGlobalIDString = BDF9BB891D81D19A00403F55;
			remoteInfo = T1_Red;
		};
		BDF9BBAA1D81D19A00403F55 /* PBXContainerItemProxy */ = {
			isa = PBXContainerItemProxy;
			containerPortal = BDF9BB821D81D19A00403F55 /* Project object */;
			proxyType = 1;
			remoteGlobalIDString = BDF9BB891D81D19A00403F55;
			remoteInfo = T1_Red;
		};
/* End PBXContainerItemProxy section */

/* Begin PBXFileReference section */
		9324A6F21D975FDC00ECF083 /* catch.png */ = {isa = PBXFileReference; lastKnownFileType = image.png; path = catch.png; sourceTree = "<group>"; };
		9324A6F51D9761C900ECF083 /* loudgun.mp3 */ = {isa = PBXFileReference; lastKnownFileType = audio.mp3; path = loudgun.mp3; sourceTree = "<group>"; };
		93F567781D91231C008064B8 /* badge.png */ = {isa = PBXFileReference; lastKnownFileType = image.png; path = badge.png; sourceTree = "<group>"; };
		93F567791D91231C008064B8 /* blackscreen.bmp */ = {isa = PBXFileReference; lastKnownFileType = image.bmp; path = blackscreen.bmp; sourceTree = "<group>"; };
		93F5677A1D91231C008064B8 /* cs1cropped.jpg */ = {isa = PBXFileReference; lastKnownFileType = image.jpeg; path = cs1cropped.jpg; sourceTree = "<group>"; };
		93F5677B1D91231C008064B8 /* logot.png */ = {isa = PBXFileReference; lastKnownFileType = image.png; path = logot.png; sourceTree = "<group>"; };
		93F5677C1D91231C008064B8 /* options.png */ = {isa = PBXFileReference; lastKnownFileType = image.png; path = options.png; sourceTree = "<group>"; };
		93F5677D1D91231C008064B8 /* play button.png */ = {isa = PBXFileReference; lastKnownFileType = image.png; path = "play button.png"; sourceTree = "<group>"; };
		93F5677F1D91231C008064B8 /* userguide.png */ = {isa = PBXFileReference; lastKnownFileType = image.png; path = userguide.png; sourceTree = "<group>"; };
		93F567881D912355008064B8 /* Splash.swift */ = {isa = PBXFileReference; fileEncoding = 4; lastKnownFileType = sourcecode.swift; path = Splash.swift; sourceTree = "<group>"; };
		93F5678A1D91235E008064B8 /* load.swift */ = {isa = PBXFileReference; fileEncoding = 4; lastKnownFileType = sourcecode.swift; path = load.swift; sourceTree = "<group>"; };
		A5679D431D9622B7000E3DDE /* Screen Shot 2016-09-23 at 9.55.10 PM.png */ = {isa = PBXFileReference; lastKnownFileType = image.png; path = "Screen Shot 2016-09-23 at 9.55.10 PM.png"; sourceTree = "<group>"; };
		A5679D451D9623F9000E3DDE /* bottomScreen.png */ = {isa = PBXFileReference; lastKnownFileType = image.png; path = bottomScreen.png; sourceTree = "<group>"; };
		A57F18301D94929500B941D4 /* cs3.jpg */ = {isa = PBXFileReference; lastKnownFileType = image.jpeg; path = cs3.jpg; sourceTree = "<group>"; };
		A57F18321D9493A700B941D4 /* Screen Shot 2016-09-22 at 5.32.44 PM.png */ = {isa = PBXFileReference; lastKnownFileType = image.png; path = "Screen Shot 2016-09-22 at 5.32.44 PM.png"; sourceTree = "<group>"; };
		A57F18341D94B06000B941D4 /* CrimeScene.png */ = {isa = PBXFileReference; lastKnownFileType = image.png; path = CrimeScene.png; sourceTree = "<group>"; };
		A57F183A1D94B28200B941D4 /* Screen Shot 2016-09-22 at 7.42.41 PM.png */ = {isa = PBXFileReference; lastKnownFileType = image.png; path = "Screen Shot 2016-09-22 at 7.42.41 PM.png"; sourceTree = "<group>"; };
		A5BBD1451D9433DC0069301A /* splash screen pic.png */ = {isa = PBXFileReference; lastKnownFileType = image.png; path = "splash screen pic.png"; sourceTree = "<group>"; };
		A5BBD1471D9439870069301A /* Screen Shot 2016-09-22 at 11.08.14 AM.png */ = {isa = PBXFileReference; lastKnownFileType = image.png; path = "Screen Shot 2016-09-22 at 11.08.14 AM.png"; sourceTree = "<group>"; };
		BD736AC41D9731A6001E7733 /* 817_NYS-impala.png */ = {isa = PBXFileReference; lastKnownFileType = image.png; path = "817_NYS-impala.png"; sourceTree = "<group>"; };
		BD736AC61D97322A001E7733 /* 752_ricks_police_car.png */ = {isa = PBXFileReference; lastKnownFileType = image.png; path = 752_ricks_police_car.png; sourceTree = "<group>"; };
		BD79DE511D9440D200C49BD4 /* make-it-chalk-line.png */ = {isa = PBXFileReference; lastKnownFileType = image.png; path = "make-it-chalk-line.png"; sourceTree = "<group>"; };
		BD79DE551D94440A00C49BD4 /* vertical-make-it-chalk.png */ = {isa = PBXFileReference; lastKnownFileType = image.png; path = "vertical-make-it-chalk.png"; sourceTree = "<group>"; };
		BD79DE571D9444AE00C49BD4 /* asphalt.jpg */ = {isa = PBXFileReference; lastKnownFileType = image.jpeg; path = asphalt.jpg; sourceTree = "<group>"; };
		BD79DE5B1D944F0500C49BD4 /* mag50x50.png */ = {isa = PBXFileReference; lastKnownFileType = image.png; path = mag50x50.png; sourceTree = "<group>"; };
		BD97422C1D8B045C00830F1E /* LevelOneViewController.swift */ = {isa = PBXFileReference; fileEncoding = 4; lastKnownFileType = sourcecode.swift; path = LevelOneViewController.swift; sourceTree = "<group>"; };
		BD99DAB21D8DFA670092C679 /* LevelTwoViewController.swift */ = {isa = PBXFileReference; fileEncoding = 4; lastKnownFileType = sourcecode.swift; path = LevelTwoViewController.swift; sourceTree = "<group>"; };
		BD99DAB41D8DFC620092C679 /* LevelThreeViewController.swift */ = {isa = PBXFileReference; fileEncoding = 4; lastKnownFileType = sourcecode.swift; path = LevelThreeViewController.swift; sourceTree = "<group>"; };
		BD99DAB61D8DFCB50092C679 /* EndingViewController.swift */ = {isa = PBXFileReference; fileEncoding = 4; lastKnownFileType = sourcecode.swift; path = EndingViewController.swift; sourceTree = "<group>"; };
		BDE536641D89B78C00514723 /* green_panel.png */ = {isa = PBXFileReference; lastKnownFileType = image.png; path = green_panel.png; sourceTree = "<group>"; };
		BDED7C911D919A9E00DBCFEE /* LoadViewController.swift */ = {isa = PBXFileReference; fileEncoding = 4; lastKnownFileType = sourcecode.swift; path = LoadViewController.swift; sourceTree = "<group>"; };
		BDF9BB8A1D81D19A00403F55 /* T1_Red.app */ = {isa = PBXFileReference; explicitFileType = wrapper.application; includeInIndex = 0; path = T1_Red.app; sourceTree = BUILT_PRODUCTS_DIR; };
		BDF9BB8D1D81D19A00403F55 /* AppDelegate.swift */ = {isa = PBXFileReference; lastKnownFileType = sourcecode.swift; path = AppDelegate.swift; sourceTree = "<group>"; };
		BDF9BB8F1D81D19A00403F55 /* ViewController.swift */ = {isa = PBXFileReference; lastKnownFileType = sourcecode.swift; path = ViewController.swift; sourceTree = "<group>"; };
		BDF9BB921D81D19A00403F55 /* Base */ = {isa = PBXFileReference; lastKnownFileType = file.storyboard; name = Base; path = Base.lproj/Main.storyboard; sourceTree = "<group>"; };
		BDF9BB941D81D19A00403F55 /* Assets.xcassets */ = {isa = PBXFileReference; lastKnownFileType = folder.assetcatalog; path = Assets.xcassets; sourceTree = "<group>"; };
		BDF9BB971D81D19A00403F55 /* Base */ = {isa = PBXFileReference; lastKnownFileType = file.storyboard; name = Base; path = Base.lproj/LaunchScreen.storyboard; sourceTree = "<group>"; };
		BDF9BB991D81D19A00403F55 /* Info.plist */ = {isa = PBXFileReference; lastKnownFileType = text.plist.xml; path = Info.plist; sourceTree = "<group>"; };
		BDF9BB9E1D81D19A00403F55 /* T1_RedTests.xctest */ = {isa = PBXFileReference; explicitFileType = wrapper.cfbundle; includeInIndex = 0; path = T1_RedTests.xctest; sourceTree = BUILT_PRODUCTS_DIR; };
		BDF9BBA21D81D19A00403F55 /* T1_RedTests.swift */ = {isa = PBXFileReference; lastKnownFileType = sourcecode.swift; path = T1_RedTests.swift; sourceTree = "<group>"; };
		BDF9BBA41D81D19A00403F55 /* Info.plist */ = {isa = PBXFileReference; lastKnownFileType = text.plist.xml; path = Info.plist; sourceTree = "<group>"; };
		BDF9BBA91D81D19A00403F55 /* T1_RedUITests.xctest */ = {isa = PBXFileReference; explicitFileType = wrapper.cfbundle; includeInIndex = 0; path = T1_RedUITests.xctest; sourceTree = BUILT_PRODUCTS_DIR; };
		BDF9BBAD1D81D19A00403F55 /* T1_RedUITests.swift */ = {isa = PBXFileReference; lastKnownFileType = sourcecode.swift; path = T1_RedUITests.swift; sourceTree = "<group>"; };
		BDF9BBAF1D81D19A00403F55 /* Info.plist */ = {isa = PBXFileReference; lastKnownFileType = text.plist.xml; path = Info.plist; sourceTree = "<group>"; };
/* End PBXFileReference section */

/* Begin PBXFrameworksBuildPhase section */
		BDF9BB871D81D19A00403F55 /* Frameworks */ = {
			isa = PBXFrameworksBuildPhase;
			buildActionMask = 2147483647;
			files = (
			);
			runOnlyForDeploymentPostprocessing = 0;
		};
		BDF9BB9B1D81D19A00403F55 /* Frameworks */ = {
			isa = PBXFrameworksBuildPhase;
			buildActionMask = 2147483647;
			files = (
			);
			runOnlyForDeploymentPostprocessing = 0;
		};
		BDF9BBA61D81D19A00403F55 /* Frameworks */ = {
			isa = PBXFrameworksBuildPhase;
			buildActionMask = 2147483647;
			files = (
			);
			runOnlyForDeploymentPostprocessing = 0;
		};
/* End PBXFrameworksBuildPhase section */

/* Begin PBXGroup section */
		9324A6F41D97608400ECF083 /* sounds */ = {
			isa = PBXGroup;
			children = (
				9324A6F51D9761C900ECF083 /* loudgun.mp3 */,
			);
			name = sounds;
			sourceTree = "<group>";
		};
		BD736AC31D97318E001E7733 /* Block Objects */ = {
			isa = PBXGroup;
			children = (
				BD736AC61D97322A001E7733 /* 752_ricks_police_car.png */,
				BD736AC41D9731A6001E7733 /* 817_NYS-impala.png */,
			);
			name = "Block Objects";
			sourceTree = "<group>";
		};
		BD7545E01D8881A900CB2082 /* Images */ = {
			isa = PBXGroup;
			children = (
				BD736AC31D97318E001E7733 /* Block Objects */,
				A5679D431D9622B7000E3DDE /* Screen Shot 2016-09-23 at 9.55.10 PM.png */,
				A57F18301D94929500B941D4 /* cs3.jpg */,
				9324A6F21D975FDC00ECF083 /* catch.png */,
				A5679D451D9623F9000E3DDE /* bottomScreen.png */,
				BD79DE5B1D944F0500C49BD4 /* mag50x50.png */,
				A57F18321D9493A700B941D4 /* Screen Shot 2016-09-22 at 5.32.44 PM.png */,
				A57F18341D94B06000B941D4 /* CrimeScene.png */,
				A57F183A1D94B28200B941D4 /* Screen Shot 2016-09-22 at 7.42.41 PM.png */,
				BD79DE571D9444AE00C49BD4 /* asphalt.jpg */,
				BD79DE551D94440A00C49BD4 /* vertical-make-it-chalk.png */,
				BD79DE511D9440D200C49BD4 /* make-it-chalk-line.png */,
				A5BBD1451D9433DC0069301A /* splash screen pic.png */,
				93F567781D91231C008064B8 /* badge.png */,
				A5BBD1471D9439870069301A /* Screen Shot 2016-09-22 at 11.08.14 AM.png */,
				93F567791D91231C008064B8 /* blackscreen.bmp */,
				93F5677A1D91231C008064B8 /* cs1cropped.jpg */,
				93F5677B1D91231C008064B8 /* logot.png */,
				93F5677C1D91231C008064B8 /* options.png */,
				93F5677D1D91231C008064B8 /* play button.png */,
				93F5677F1D91231C008064B8 /* userguide.png */,
				BDE536641D89B78C00514723 /* green_panel.png */,
			);
			name = Images;
			sourceTree = "<group>";
		};
		BDF9BB811D81D19A00403F55 = {
			isa = PBXGroup;
			children = (
				BDF9BB8C1D81D19A00403F55 /* T1_Red */,
				BDF9BBA11D81D19A00403F55 /* T1_RedTests */,
				BDF9BBAC1D81D19A00403F55 /* T1_RedUITests */,
				BDF9BB8B1D81D19A00403F55 /* Products */,
			);
			sourceTree = "<group>";
		};
		BDF9BB8B1D81D19A00403F55 /* Products */ = {
			isa = PBXGroup;
			children = (
				BDF9BB8A1D81D19A00403F55 /* T1_Red.app */,
				BDF9BB9E1D81D19A00403F55 /* T1_RedTests.xctest */,
				BDF9BBA91D81D19A00403F55 /* T1_RedUITests.xctest */,
			);
			name = Products;
			sourceTree = "<group>";
		};
		BDF9BB8C1D81D19A00403F55 /* T1_Red */ = {
			isa = PBXGroup;
			children = (
				9324A6F41D97608400ECF083 /* sounds */,
				BD7545E01D8881A900CB2082 /* Images */,
				BDF9BB8D1D81D19A00403F55 /* AppDelegate.swift */,
				93F567881D912355008064B8 /* Splash.swift */,
				93F5678A1D91235E008064B8 /* load.swift */,
				BDED7C911D919A9E00DBCFEE /* LoadViewController.swift */,
				BDF9BB8F1D81D19A00403F55 /* ViewController.swift */,
				BDF9BB911D81D19A00403F55 /* Main.storyboard */,
				BD99DAB61D8DFCB50092C679 /* EndingViewController.swift */,
				BDF9BB941D81D19A00403F55 /* Assets.xcassets */,
				BDF9BB961D81D19A00403F55 /* LaunchScreen.storyboard */,
				BDF9BB991D81D19A00403F55 /* Info.plist */,
				BD97422C1D8B045C00830F1E /* LevelOneViewController.swift */,
				BD99DAB21D8DFA670092C679 /* LevelTwoViewController.swift */,
				BD99DAB41D8DFC620092C679 /* LevelThreeViewController.swift */,
			);
			path = T1_Red;
			sourceTree = "<group>";
		};
		BDF9BBA11D81D19A00403F55 /* T1_RedTests */ = {
			isa = PBXGroup;
			children = (
				BDF9BBA21D81D19A00403F55 /* T1_RedTests.swift */,
				BDF9BBA41D81D19A00403F55 /* Info.plist */,
			);
			path = T1_RedTests;
			sourceTree = "<group>";
		};
		BDF9BBAC1D81D19A00403F55 /* T1_RedUITests */ = {
			isa = PBXGroup;
			children = (
				BDF9BBAD1D81D19A00403F55 /* T1_RedUITests.swift */,
				BDF9BBAF1D81D19A00403F55 /* Info.plist */,
			);
			path = T1_RedUITests;
			sourceTree = "<group>";
		};
/* End PBXGroup section */

/* Begin PBXNativeTarget section */
		BDF9BB891D81D19A00403F55 /* T1_Red */ = {
			isa = PBXNativeTarget;
			buildConfigurationList = BDF9BBB21D81D19A00403F55 /* Build configuration list for PBXNativeTarget "T1_Red" */;
			buildPhases = (
				BDF9BB861D81D19A00403F55 /* Sources */,
				BDF9BB871D81D19A00403F55 /* Frameworks */,
				BDF9BB881D81D19A00403F55 /* Resources */,
			);
			buildRules = (
			);
			dependencies = (
			);
			name = T1_Red;
			productName = T1_Red;
			productReference = BDF9BB8A1D81D19A00403F55 /* T1_Red.app */;
			productType = "com.apple.product-type.application";
		};
		BDF9BB9D1D81D19A00403F55 /* T1_RedTests */ = {
			isa = PBXNativeTarget;
			buildConfigurationList = BDF9BBB51D81D19A00403F55 /* Build configuration list for PBXNativeTarget "T1_RedTests" */;
			buildPhases = (
				BDF9BB9A1D81D19A00403F55 /* Sources */,
				BDF9BB9B1D81D19A00403F55 /* Frameworks */,
				BDF9BB9C1D81D19A00403F55 /* Resources */,
			);
			buildRules = (
			);
			dependencies = (
				BDF9BBA01D81D19A00403F55 /* PBXTargetDependency */,
			);
			name = T1_RedTests;
			productName = T1_RedTests;
			productReference = BDF9BB9E1D81D19A00403F55 /* T1_RedTests.xctest */;
			productType = "com.apple.product-type.bundle.unit-test";
		};
		BDF9BBA81D81D19A00403F55 /* T1_RedUITests */ = {
			isa = PBXNativeTarget;
			buildConfigurationList = BDF9BBB81D81D19A00403F55 /* Build configuration list for PBXNativeTarget "T1_RedUITests" */;
			buildPhases = (
				BDF9BBA51D81D19A00403F55 /* Sources */,
				BDF9BBA61D81D19A00403F55 /* Frameworks */,
				BDF9BBA71D81D19A00403F55 /* Resources */,
			);
			buildRules = (
			);
			dependencies = (
				BDF9BBAB1D81D19A00403F55 /* PBXTargetDependency */,
			);
			name = T1_RedUITests;
			productName = T1_RedUITests;
			productReference = BDF9BBA91D81D19A00403F55 /* T1_RedUITests.xctest */;
			productType = "com.apple.product-type.bundle.ui-testing";
		};
/* End PBXNativeTarget section */

/* Begin PBXProject section */
		BDF9BB821D81D19A00403F55 /* Project object */ = {
			isa = PBXProject;
			attributes = {
				LastSwiftUpdateCheck = 0800;
				LastUpgradeCheck = 0800;
				ORGANIZATIONNAME = "Johnathan Taylor Sutton";
				TargetAttributes = {
					BDF9BB891D81D19A00403F55 = {
						CreatedOnToolsVersion = 8.0;
						ProvisioningStyle = Manual;
					};
					BDF9BB9D1D81D19A00403F55 = {
						CreatedOnToolsVersion = 8.0;
						ProvisioningStyle = Automatic;
						TestTargetID = BDF9BB891D81D19A00403F55;
					};
					BDF9BBA81D81D19A00403F55 = {
						CreatedOnToolsVersion = 8.0;
						ProvisioningStyle = Automatic;
						TestTargetID = BDF9BB891D81D19A00403F55;
					};
				};
			};
			buildConfigurationList = BDF9BB851D81D19A00403F55 /* Build configuration list for PBXProject "T1_Red" */;
			compatibilityVersion = "Xcode 3.2";
			developmentRegion = English;
			hasScannedForEncodings = 0;
			knownRegions = (
				en,
				Base,
			);
			mainGroup = BDF9BB811D81D19A00403F55;
			productRefGroup = BDF9BB8B1D81D19A00403F55 /* Products */;
			projectDirPath = "";
			projectRoot = "";
			targets = (
				BDF9BB891D81D19A00403F55 /* T1_Red */,
				BDF9BB9D1D81D19A00403F55 /* T1_RedTests */,
				BDF9BBA81D81D19A00403F55 /* T1_RedUITests */,
			);
		};
/* End PBXProject section */

/* Begin PBXResourcesBuildPhase section */
		BDF9BB881D81D19A00403F55 /* Resources */ = {
			isa = PBXResourcesBuildPhase;
			buildActionMask = 2147483647;
			files = (
				93F567821D91231C008064B8 /* cs1cropped.jpg in Resources */,
				93F567831D91231C008064B8 /* logot.png in Resources */,
				A5679D441D9622B7000E3DDE /* Screen Shot 2016-09-23 at 9.55.10 PM.png in Resources */,
				A5BBD1481D9439870069301A /* Screen Shot 2016-09-22 at 11.08.14 AM.png in Resources */,
				93F567851D91231C008064B8 /* play button.png in Resources */,
				93F567841D91231C008064B8 /* options.png in Resources */,
				BDF9BB981D81D19A00403F55 /* LaunchScreen.storyboard in Resources */,
				BD736AC51D9731A6001E7733 /* 817_NYS-impala.png in Resources */,
				BD736AC71D97322A001E7733 /* 752_ricks_police_car.png in Resources */,
				BDF9BB951D81D19A00403F55 /* Assets.xcassets in Resources */,
				93F567801D91231C008064B8 /* badge.png in Resources */,
				BD79DE5C1D944F0500C49BD4 /* mag50x50.png in Resources */,
				BD79DE521D9440D200C49BD4 /* make-it-chalk-line.png in Resources */,
				BDE536651D89B78C00514723 /* green_panel.png in Resources */,
				93F567871D91231C008064B8 /* userguide.png in Resources */,
				BD79DE561D94440A00C49BD4 /* vertical-make-it-chalk.png in Resources */,
				BDF9BB931D81D19A00403F55 /* Main.storyboard in Resources */,
				93F567811D91231C008064B8 /* blackscreen.bmp in Resources */,
				9324A6F61D9761C900ECF083 /* loudgun.mp3 in Resources */,
				A57F18351D94B06000B941D4 /* CrimeScene.png in Resources */,
				A57F18311D94929500B941D4 /* cs3.jpg in Resources */,
				A5BBD1461D9433DC0069301A /* splash screen pic.png in Resources */,
				A57F18331D9493A700B941D4 /* Screen Shot 2016-09-22 at 5.32.44 PM.png in Resources */,
				A5679D461D9623F9000E3DDE /* bottomScreen.png in Resources */,
				A57F183B1D94B28200B941D4 /* Screen Shot 2016-09-22 at 7.42.41 PM.png in Resources */,
				BD79DE581D9444AE00C49BD4 /* asphalt.jpg in Resources */,
				9324A6F31D975FDC00ECF083 /* catch.png in Resources */,
			);
			runOnlyForDeploymentPostprocessing = 0;
		};
		BDF9BB9C1D81D19A00403F55 /* Resources */ = {
			isa = PBXResourcesBuildPhase;
			buildActionMask = 2147483647;
			files = (
			);
			runOnlyForDeploymentPostprocessing = 0;
		};
		BDF9BBA71D81D19A00403F55 /* Resources */ = {
			isa = PBXResourcesBuildPhase;
			buildActionMask = 2147483647;
			files = (
			);
			runOnlyForDeploymentPostprocessing = 0;
		};
/* End PBXResourcesBuildPhase section */

/* Begin PBXSourcesBuildPhase section */
		BDF9BB861D81D19A00403F55 /* Sources */ = {
			isa = PBXSourcesBuildPhase;
			buildActionMask = 2147483647;
			files = (
				BDED7C921D919A9E00DBCFEE /* LoadViewController.swift in Sources */,
				93F567891D912355008064B8 /* Splash.swift in Sources */,
				BD99DAB31D8DFA670092C679 /* LevelTwoViewController.swift in Sources */,
				BD99DAB71D8DFCB50092C679 /* EndingViewController.swift in Sources */,
				BDF9BB901D81D19A00403F55 /* ViewController.swift in Sources */,
				BD99DAB51D8DFC620092C679 /* LevelThreeViewController.swift in Sources */,
				93F5678B1D91235E008064B8 /* load.swift in Sources */,
				BDF9BB8E1D81D19A00403F55 /* AppDelegate.swift in Sources */,
				BD97422D1D8B045C00830F1E /* LevelOneViewController.swift in Sources */,
			);
			runOnlyForDeploymentPostprocessing = 0;
		};
		BDF9BB9A1D81D19A00403F55 /* Sources */ = {
			isa = PBXSourcesBuildPhase;
			buildActionMask = 2147483647;
			files = (
				BDF9BBA31D81D19A00403F55 /* T1_RedTests.swift in Sources */,
			);
			runOnlyForDeploymentPostprocessing = 0;
		};
		BDF9BBA51D81D19A00403F55 /* Sources */ = {
			isa = PBXSourcesBuildPhase;
			buildActionMask = 2147483647;
			files = (
				BDF9BBAE1D81D19A00403F55 /* T1_RedUITests.swift in Sources */,
			);
			runOnlyForDeploymentPostprocessing = 0;
		};
/* End PBXSourcesBuildPhase section */

/* Begin PBXTargetDependency section */
		BDF9BBA01D81D19A00403F55 /* PBXTargetDependency */ = {
			isa = PBXTargetDependency;
			target = BDF9BB891D81D19A00403F55 /* T1_Red */;
			targetProxy = BDF9BB9F1D81D19A00403F55 /* PBXContainerItemProxy */;
		};
		BDF9BBAB1D81D19A00403F55 /* PBXTargetDependency */ = {
			isa = PBXTargetDependency;
			target = BDF9BB891D81D19A00403F55 /* T1_Red */;
			targetProxy = BDF9BBAA1D81D19A00403F55 /* PBXContainerItemProxy */;
		};
/* End PBXTargetDependency section */

/* Begin PBXVariantGroup section */
		BDF9BB911D81D19A00403F55 /* Main.storyboard */ = {
			isa = PBXVariantGroup;
			children = (
				BDF9BB921D81D19A00403F55 /* Base */,
			);
			name = Main.storyboard;
			sourceTree = "<group>";
		};
		BDF9BB961D81D19A00403F55 /* LaunchScreen.storyboard */ = {
			isa = PBXVariantGroup;
			children = (
				BDF9BB971D81D19A00403F55 /* Base */,
			);
			name = LaunchScreen.storyboard;
			sourceTree = "<group>";
		};
/* End PBXVariantGroup section */

/* Begin XCBuildConfiguration section */
		BDF9BBB01D81D19A00403F55 /* Debug */ = {
			isa = XCBuildConfiguration;
			buildSettings = {
				ALWAYS_SEARCH_USER_PATHS = NO;
				CLANG_ANALYZER_NONNULL = YES;
				CLANG_CXX_LANGUAGE_STANDARD = "gnu++0x";
				CLANG_CXX_LIBRARY = "libc++";
				CLANG_ENABLE_MODULES = YES;
				CLANG_ENABLE_OBJC_ARC = YES;
				CLANG_WARN_BOOL_CONVERSION = YES;
				CLANG_WARN_CONSTANT_CONVERSION = YES;
				CLANG_WARN_DIRECT_OBJC_ISA_USAGE = YES_ERROR;
				CLANG_WARN_DOCUMENTATION_COMMENTS = YES;
				CLANG_WARN_EMPTY_BODY = YES;
				CLANG_WARN_ENUM_CONVERSION = YES;
				CLANG_WARN_INFINITE_RECURSION = YES;
				CLANG_WARN_INT_CONVERSION = YES;
				CLANG_WARN_OBJC_ROOT_CLASS = YES_ERROR;
				CLANG_WARN_SUSPICIOUS_MOVES = YES;
				CLANG_WARN_UNREACHABLE_CODE = YES;
				CLANG_WARN__DUPLICATE_METHOD_MATCH = YES;
				"CODE_SIGN_IDENTITY[sdk=iphoneos*]" = "iPhone Developer";
				COPY_PHASE_STRIP = NO;
				DEBUG_INFORMATION_FORMAT = dwarf;
				ENABLE_STRICT_OBJC_MSGSEND = YES;
				ENABLE_TESTABILITY = YES;
				GCC_C_LANGUAGE_STANDARD = gnu99;
				GCC_DYNAMIC_NO_PIC = NO;
				GCC_NO_COMMON_BLOCKS = YES;
				GCC_OPTIMIZATION_LEVEL = 0;
				GCC_PREPROCESSOR_DEFINITIONS = (
					"DEBUG=1",
					"$(inherited)",
				);
				GCC_WARN_64_TO_32_BIT_CONVERSION = YES;
				GCC_WARN_ABOUT_RETURN_TYPE = YES_ERROR;
				GCC_WARN_UNDECLARED_SELECTOR = YES;
				GCC_WARN_UNINITIALIZED_AUTOS = YES_AGGRESSIVE;
				GCC_WARN_UNUSED_FUNCTION = YES;
				GCC_WARN_UNUSED_VARIABLE = YES;
				IPHONEOS_DEPLOYMENT_TARGET = 10.0;
				MTL_ENABLE_DEBUG_INFO = YES;
				ONLY_ACTIVE_ARCH = YES;
				SDKROOT = iphoneos;
				SWIFT_ACTIVE_COMPILATION_CONDITIONS = DEBUG;
				SWIFT_OPTIMIZATION_LEVEL = "-Onone";
			};
			name = Debug;
		};
		BDF9BBB11D81D19A00403F55 /* Release */ = {
			isa = XCBuildConfiguration;
			buildSettings = {
				ALWAYS_SEARCH_USER_PATHS = NO;
				CLANG_ANALYZER_NONNULL = YES;
				CLANG_CXX_LANGUAGE_STANDARD = "gnu++0x";
				CLANG_CXX_LIBRARY = "libc++";
				CLANG_ENABLE_MODULES = YES;
				CLANG_ENABLE_OBJC_ARC = YES;
				CLANG_WARN_BOOL_CONVERSION = YES;
				CLANG_WARN_CONSTANT_CONVERSION = YES;
				CLANG_WARN_DIRECT_OBJC_ISA_USAGE = YES_ERROR;
				CLANG_WARN_DOCUMENTATION_COMMENTS = YES;
				CLANG_WARN_EMPTY_BODY = YES;
				CLANG_WARN_ENUM_CONVERSION = YES;
				CLANG_WARN_INFINITE_RECURSION = YES;
				CLANG_WARN_INT_CONVERSION = YES;
				CLANG_WARN_OBJC_ROOT_CLASS = YES_ERROR;
				CLANG_WARN_SUSPICIOUS_MOVES = YES;
				CLANG_WARN_UNREACHABLE_CODE = YES;
				CLANG_WARN__DUPLICATE_METHOD_MATCH = YES;
				"CODE_SIGN_IDENTITY[sdk=iphoneos*]" = "iPhone Developer";
				COPY_PHASE_STRIP = NO;
				DEBUG_INFORMATION_FORMAT = "dwarf-with-dsym";
				ENABLE_NS_ASSERTIONS = NO;
				ENABLE_STRICT_OBJC_MSGSEND = YES;
				GCC_C_LANGUAGE_STANDARD = gnu99;
				GCC_NO_COMMON_BLOCKS = YES;
				GCC_WARN_64_TO_32_BIT_CONVERSION = YES;
				GCC_WARN_ABOUT_RETURN_TYPE = YES_ERROR;
				GCC_WARN_UNDECLARED_SELECTOR = YES;
				GCC_WARN_UNINITIALIZED_AUTOS = YES_AGGRESSIVE;
				GCC_WARN_UNUSED_FUNCTION = YES;
				GCC_WARN_UNUSED_VARIABLE = YES;
				IPHONEOS_DEPLOYMENT_TARGET = 10.0;
				MTL_ENABLE_DEBUG_INFO = NO;
				SDKROOT = iphoneos;
				SWIFT_OPTIMIZATION_LEVEL = "-Owholemodule";
				VALIDATE_PRODUCT = YES;
			};
			name = Release;
		};
		BDF9BBB31D81D19A00403F55 /* Debug */ = {
			isa = XCBuildConfiguration;
			buildSettings = {
				ASSETCATALOG_COMPILER_APPICON_NAME = AppIcon;
				"CODE_SIGN_IDENTITY[sdk=iphoneos*]" = "iPhone Developer";
				DEVELOPMENT_TEAM = "";
				INFOPLIST_FILE = T1_Red/Info.plist;
				LD_RUNPATH_SEARCH_PATHS = "$(inherited) @executable_path/Frameworks";
				PRODUCT_BUNDLE_IDENTIFIER = "edu.okstate.cs.bem.T1-Red";
				PRODUCT_NAME = "$(TARGET_NAME)";
				SWIFT_VERSION = 3.0;
			};
			name = Debug;
		};
		BDF9BBB41D81D19A00403F55 /* Release */ = {
			isa = XCBuildConfiguration;
			buildSettings = {
				ASSETCATALOG_COMPILER_APPICON_NAME = AppIcon;
				"CODE_SIGN_IDENTITY[sdk=iphoneos*]" = "iPhone Developer";
				DEVELOPMENT_TEAM = "";
				INFOPLIST_FILE = T1_Red/Info.plist;
				LD_RUNPATH_SEARCH_PATHS = "$(inherited) @executable_path/Frameworks";
				PRODUCT_BUNDLE_IDENTIFIER = "edu.okstate.cs.bem.T1-Red";
				PRODUCT_NAME = "$(TARGET_NAME)";
				SWIFT_VERSION = 3.0;
			};
			name = Release;
		};
		BDF9BBB61D81D19A00403F55 /* Debug */ = {
			isa = XCBuildConfiguration;
			buildSettings = {
				BUNDLE_LOADER = "$(TEST_HOST)";
				INFOPLIST_FILE = T1_RedTests/Info.plist;
				LD_RUNPATH_SEARCH_PATHS = "$(inherited) @executable_path/Frameworks @loader_path/Frameworks";
				PRODUCT_BUNDLE_IDENTIFIER = "edu.okstate.cs.bem.T1-RedTests";
				PRODUCT_NAME = "$(TARGET_NAME)";
				SWIFT_VERSION = 3.0;
				TEST_HOST = "$(BUILT_PRODUCTS_DIR)/T1_Red.app/T1_Red";
			};
			name = Debug;
		};
		BDF9BBB71D81D19A00403F55 /* Release */ = {
			isa = XCBuildConfiguration;
			buildSettings = {
				BUNDLE_LOADER = "$(TEST_HOST)";
				INFOPLIST_FILE = T1_RedTests/Info.plist;
				LD_RUNPATH_SEARCH_PATHS = "$(inherited) @executable_path/Frameworks @loader_path/Frameworks";
				PRODUCT_BUNDLE_IDENTIFIER = "edu.okstate.cs.bem.T1-RedTests";
				PRODUCT_NAME = "$(TARGET_NAME)";
				SWIFT_VERSION = 3.0;
				TEST_HOST = "$(BUILT_PRODUCTS_DIR)/T1_Red.app/T1_Red";
			};
			name = Release;
		};
		BDF9BBB91D81D19A00403F55 /* Debug */ = {
			isa = XCBuildConfiguration;
			buildSettings = {
				INFOPLIST_FILE = T1_RedUITests/Info.plist;
				LD_RUNPATH_SEARCH_PATHS = "$(inherited) @executable_path/Frameworks @loader_path/Frameworks";
				PRODUCT_BUNDLE_IDENTIFIER = "edu.okstate.cs.bem.T1-RedUITests";
				PRODUCT_NAME = "$(TARGET_NAME)";
				SWIFT_VERSION = 3.0;
				TEST_TARGET_NAME = T1_Red;
			};
			name = Debug;
		};
		BDF9BBBA1D81D19A00403F55 /* Release */ = {
			isa = XCBuildConfiguration;
			buildSettings = {
				INFOPLIST_FILE = T1_RedUITests/Info.plist;
				LD_RUNPATH_SEARCH_PATHS = "$(inherited) @executable_path/Frameworks @loader_path/Frameworks";
				PRODUCT_BUNDLE_IDENTIFIER = "edu.okstate.cs.bem.T1-RedUITests";
				PRODUCT_NAME = "$(TARGET_NAME)";
				SWIFT_VERSION = 3.0;
				TEST_TARGET_NAME = T1_Red;
			};
			name = Release;
		};
/* End XCBuildConfiguration section */

/* Begin XCConfigurationList section */
		BDF9BB851D81D19A00403F55 /* Build configuration list for PBXProject "T1_Red" */ = {
			isa = XCConfigurationList;
			buildConfigurations = (
				BDF9BBB01D81D19A00403F55 /* Debug */,
				BDF9BBB11D81D19A00403F55 /* Release */,
			);
			defaultConfigurationIsVisible = 0;
			defaultConfigurationName = Release;
		};
		BDF9BBB21D81D19A00403F55 /* Build configuration list for PBXNativeTarget "T1_Red" */ = {
			isa = XCConfigurationList;
			buildConfigurations = (
				BDF9BBB31D81D19A00403F55 /* Debug */,
				BDF9BBB41D81D19A00403F55 /* Release */,
			);
			defaultConfigurationIsVisible = 0;
			defaultConfigurationName = Release;
		};
		BDF9BBB51D81D19A00403F55 /* Build configuration list for PBXNativeTarget "T1_RedTests" */ = {
			isa = XCConfigurationList;
			buildConfigurations = (
				BDF9BBB61D81D19A00403F55 /* Debug */,
				BDF9BBB71D81D19A00403F55 /* Release */,
			);
			defaultConfigurationIsVisible = 0;
			defaultConfigurationName = Release;
		};
		BDF9BBB81D81D19A00403F55 /* Build configuration list for PBXNativeTarget "T1_RedUITests" */ = {
			isa = XCConfigurationList;
			buildConfigurations = (
				BDF9BBB91D81D19A00403F55 /* Debug */,
				BDF9BBBA1D81D19A00403F55 /* Release */,
			);
			defaultConfigurationIsVisible = 0;
			defaultConfigurationName = Release;
		};
/* End XCConfigurationList section */
	};
	rootObject = BDF9BB821D81D19A00403F55 /* Project object */;
}
